// !$*UTF8*$!
{
	archiveVersion = 1;
	classes = {
	};
	objectVersion = 50;
	objects = {

/* Begin PBXBuildFile section */
		0331FD0024C9DCE90014A066 /* AppDelegate.swift in Sources */ = {isa = PBXBuildFile; fileRef = 0331FCFF24C9DCE90014A066 /* AppDelegate.swift */; };
		0331FD0224C9DCE90014A066 /* SceneDelegate.swift in Sources */ = {isa = PBXBuildFile; fileRef = 0331FD0124C9DCE90014A066 /* SceneDelegate.swift */; };
		0331FD0424C9DCE90014A066 /* ViewController.swift in Sources */ = {isa = PBXBuildFile; fileRef = 0331FD0324C9DCE90014A066 /* ViewController.swift */; };
		0331FD0724C9DCE90014A066 /* Main.storyboard in Resources */ = {isa = PBXBuildFile; fileRef = 0331FD0524C9DCE90014A066 /* Main.storyboard */; };
		0331FD0924C9DCEB0014A066 /* Assets.xcassets in Resources */ = {isa = PBXBuildFile; fileRef = 0331FD0824C9DCEB0014A066 /* Assets.xcassets */; };
		0331FD0C24C9DCEB0014A066 /* LaunchScreen.storyboard in Resources */ = {isa = PBXBuildFile; fileRef = 0331FD0A24C9DCEB0014A066 /* LaunchScreen.storyboard */; };
/* End PBXBuildFile section */

/* Begin PBXFileReference section */
		0331FCFC24C9DCE90014A066 /* ChatchUPShinChan.app */ = {isa = PBXFileReference; explicitFileType = wrapper.application; includeInIndex = 0; path = ChatchUPShinChan.app; sourceTree = BUILT_PRODUCTS_DIR; };
		0331FCFF24C9DCE90014A066 /* AppDelegate.swift */ = {isa = PBXFileReference; lastKnownFileType = sourcecode.swift; path = AppDelegate.swift; sourceTree = "<group>"; };
		0331FD0124C9DCE90014A066 /* SceneDelegate.swift */ = {isa = PBXFileReference; lastKnownFileType = sourcecode.swift; path = SceneDelegate.swift; sourceTree = "<group>"; };
		0331FD0324C9DCE90014A066 /* ViewController.swift */ = {isa = PBXFileReference; lastKnownFileType = sourcecode.swift; path = ViewController.swift; sourceTree = "<group>"; };
		0331FD0624C9DCE90014A066 /* Base */ = {isa = PBXFileReference; lastKnownFileType = file.storyboard; name = Base; path = Base.lproj/Main.storyboard; sourceTree = "<group>"; };
		0331FD0824C9DCEB0014A066 /* Assets.xcassets */ = {isa = PBXFileReference; lastKnownFileType = folder.assetcatalog; path = Assets.xcassets; sourceTree = "<group>"; };
		0331FD0B24C9DCEB0014A066 /* Base */ = {isa = PBXFileReference; lastKnownFileType = file.storyboard; name = Base; path = Base.lproj/LaunchScreen.storyboard; sourceTree = "<group>"; };
		0331FD0D24C9DCEB0014A066 /* Info.plist */ = {isa = PBXFileReference; lastKnownFileType = text.plist.xml; path = Info.plist; sourceTree = "<group>"; };
/* End PBXFileReference section */

/* Begin PBXFrameworksBuildPhase section */
		0331FCF924C9DCE90014A066 /* Frameworks */ = {
			isa = PBXFrameworksBuildPhase;
			buildActionMask = 2147483647;
			files = (
			);
			runOnlyForDeploymentPostprocessing = 0;
		};
/* End PBXFrameworksBuildPhase section */

/* Begin PBXGroup section */
		0331FCF324C9DCE90014A066 = {
			isa = PBXGroup;
			children = (
				0331FCFE24C9DCE90014A066 /* ChatchUPShinChan */,
				0331FCFD24C9DCE90014A066 /* Products */,
			);
			sourceTree = "<group>";
		};
		0331FCFD24C9DCE90014A066 /* Products */ = {
			isa = PBXGroup;
			children = (
				0331FCFC24C9DCE90014A066 /* ChatchUPShinChan.app */,
			);
			name = Products;
			sourceTree = "<group>";
		};
		0331FCFE24C9DCE90014A066 /* ChatchUPShinChan */ = {
			isa = PBXGroup;
			children = (
				0331FCFF24C9DCE90014A066 /* AppDelegate.swift */,
				0331FD0124C9DCE90014A066 /* SceneDelegate.swift */,
				0331FD0324C9DCE90014A066 /* ViewController.swift */,
				0331FD0524C9DCE90014A066 /* Main.storyboard */,
				0331FD0824C9DCEB0014A066 /* Assets.xcassets */,
				0331FD0A24C9DCEB0014A066 /* LaunchScreen.storyboard */,
				0331FD0D24C9DCEB0014A066 /* Info.plist */,
			);
			path = ChatchUPShinChan;
			sourceTree = "<group>";
		};
/* End PBXGroup section */

/* Begin PBXNativeTarget section */
		0331FCFB24C9DCE90014A066 /* ChatchUPShinChan */ = {
			isa = PBXNativeTarget;
			buildConfigurationList = 0331FD1024C9DCEB0014A066 /* Build configuration list for PBXNativeTarget "ChatchUPShinChan" */;
			buildPhases = (
				0331FCF824C9DCE90014A066 /* Sources */,
				0331FCF924C9DCE90014A066 /* Frameworks */,
				0331FCFA24C9DCE90014A066 /* Resources */,
			);
			buildRules = (
			);
			dependencies = (
			);
			name = ChatchUPShinChan;
			productName = ChatchUPShinChan;
			productReference = 0331FCFC24C9DCE90014A066 /* ChatchUPShinChan.app */;
			productType = "com.apple.product-type.application";
		};
/* End PBXNativeTarget section */

/* Begin PBXProject section */
		0331FCF424C9DCE90014A066 /* Project object */ = {
			isa = PBXProject;
			attributes = {
				LastSwiftUpdateCheck = 1160;
				LastUpgradeCheck = 1160;
				ORGANIZATIONNAME = "sarath kumar";
				TargetAttributes = {
					0331FCFB24C9DCE90014A066 = {
						CreatedOnToolsVersion = 11.6;
					};
				};
			};
			buildConfigurationList = 0331FCF724C9DCE90014A066 /* Build configuration list for PBXProject "ChatchUPShinChan" */;
			compatibilityVersion = "Xcode 9.3";
			developmentRegion = en;
			hasScannedForEncodings = 0;
			knownRegions = (
				en,
				Base,
			);
			mainGroup = 0331FCF324C9DCE90014A066;
			productRefGroup = 0331FCFD24C9DCE90014A066 /* Products */;
			projectDirPath = "";
			projectRoot = "";
			targets = (
				0331FCFB24C9DCE90014A066 /* ChatchUPShinChan */,
			);
		};
/* End PBXProject section */

/* Begin PBXResourcesBuildPhase section */
		0331FCFA24C9DCE90014A066 /* Resources */ = {
			isa = PBXResourcesBuildPhase;
			buildActionMask = 2147483647;
			files = (
				0331FD0C24C9DCEB0014A066 /* LaunchScreen.storyboard in Resources */,
				0331FD0924C9DCEB0014A066 /* Assets.xcassets in Resources */,
				0331FD0724C9DCE90014A066 /* Main.storyboard in Resources */,
			);
			runOnlyForDeploymentPostprocessing = 0;
		};
/* End PBXResourcesBuildPhase section */

/* Begin PBXSourcesBuildPhase section */
		0331FCF824C9DCE90014A066 /* Sources */ = {
			isa = PBXSourcesBuildPhase;
			buildActionMask = 2147483647;
			files = (
				0331FD0424C9DCE90014A066 /* ViewController.swift in Sources */,
				0331FD0024C9DCE90014A066 /* AppDelegate.swift in Sources */,
				0331FD0224C9DCE90014A066 /* SceneDelegate.swift in Sources */,
			);
			runOnlyForDeploymentPostprocessing = 0;
		};
/* End PBXSourcesBuildPhase section */

/* Begin PBXVariantGroup section */
		0331FD0524C9DCE90014A066 /* Main.storyboard */ = {
			isa = PBXVariantGroup;
			children = (
				0331FD0624C9DCE90014A066 /* Base */,
			);
			name = Main.storyboard;
			sourceTree = "<group>";
		};
		0331FD0A24C9DCEB0014A066 /* LaunchScreen.storyboard */ = {
			isa = PBXVariantGroup;
			children = (
				0331FD0B24C9DCEB0014A066 /* Base */,
			);
			name = LaunchScreen.storyboard;
			sourceTree = "<group>";
		};
/* End PBXVariantGroup section */

/* Begin XCBuildConfiguration section */
		0331FD0E24C9DCEB0014A066 /* Debug */ = {
			isa = XCBuildConfiguration;
			buildSettings = {
				ALWAYS_SEARCH_USER_PATHS = NO;
				CLANG_ANALYZER_NONNULL = YES;
				CLANG_ANALYZER_NUMBER_OBJECT_CONVERSION = YES_AGGRESSIVE;
				CLANG_CXX_LANGUAGE_STANDARD = "gnu++14";
				CLANG_CXX_LIBRARY = "libc++";
				CLANG_ENABLE_MODULES = YES;
				CLANG_ENABLE_OBJC_ARC = YES;
				CLANG_ENABLE_OBJC_WEAK = YES;
				CLANG_WARN_BLOCK_CAPTURE_AUTORELEASING = YES;
				CLANG_WARN_BOOL_CONVERSION = YES;
				CLANG_WARN_COMMA = YES;
				CLANG_WARN_CONSTANT_CONVERSION = YES;
				CLANG_WARN_DEPRECATED_OBJC_IMPLEMENTATIONS = YES;
				CLANG_WARN_DIRECT_OBJC_ISA_USAGE = YES_ERROR;
				CLANG_WARN_DOCUMENTATION_COMMENTS = YES;
				CLANG_WARN_EMPTY_BODY = YES;
				CLANG_WARN_ENUM_CONVERSION = YES;
				CLANG_WARN_INFINITE_RECURSION = YES;
				CLANG_WARN_INT_CONVERSION = YES;
				CLANG_WARN_NON_LITERAL_NULL_CONVERSION = YES;
				CLANG_WARN_OBJC_IMPLICIT_RETAIN_SELF = YES;
				CLANG_WARN_OBJC_LITERAL_CONVERSION = YES;
				CLANG_WARN_OBJC_ROOT_CLASS = YES_ERROR;
				CLANG_WARN_RANGE_LOOP_ANALYSIS = YES;
				CLANG_WARN_STRICT_PROTOTYPES = YES;
				CLANG_WARN_SUSPICIOUS_MOVE = YES;
				CLANG_WARN_UNGUARDED_AVAILABILITY = YES_AGGRESSIVE;
				CLANG_WARN_UNREACHABLE_CODE = YES;
				CLANG_WARN__DUPLICATE_METHOD_MATCH = YES;
				COPY_PHASE_STRIP = NO;
				DEBUG_INFORMATION_FORMAT = dwarf;
				ENABLE_STRICT_OBJC_MSGSEND = YES;
				ENABLE_TESTABILITY = YES;
				GCC_C_LANGUAGE_STANDARD = gnu11;
				GCC_DYNAMIC_NO_PIC = NO;
				GCC_NO_COMMON_BLOCKS = YES;
				GCC_OPTIMIZATION_LEVEL = 0;
				GCC_PREPROCESSOR_DEFINITIONS = (
					"DEBUG=1",
					"$(inherited)",
				);
				GCC_WARN_64_TO_32_BIT_CONVERSION = YES;
				GCC_WARN_ABOUT_RETURN_TYPE = YES_ERROR;
				GCC_WARN_UNDECLARED_SELECTOR = YES;
				GCC_WARN_UNINITIALIZED_AUTOS = YES_AGGRESSIVE;
				GCC_WARN_UNUSED_FUNCTION = YES;
				GCC_WARN_UNUSED_VARIABLE = YES;
				IPHONEOS_DEPLOYMENT_TARGET = 13.6;
				MTL_ENABLE_DEBUG_INFO = INCLUDE_SOURCE;
				MTL_FAST_MATH = YES;
				ONLY_ACTIVE_ARCH = YES;
				SDKROOT = iphoneos;
				SWIFT_ACTIVE_COMPILATION_CONDITIONS = DEBUG;
				SWIFT_OPTIMIZATION_LEVEL = "-Onone";
			};
			name = Debug;
		};
		0331FD0F24C9DCEB0014A066 /* Release */ = {
			isa = XCBuildConfiguration;
			buildSettings = {
				ALWAYS_SEARCH_USER_PATHS = NO;
				CLANG_ANALYZER_NONNULL = YES;
				CLANG_ANALYZER_NUMBER_OBJECT_CONVERSION = YES_AGGRESSIVE;
				CLANG_CXX_LANGUAGE_STANDARD = "gnu++14";
				CLANG_CXX_LIBRARY = "libc++";
				CLANG_ENABLE_MODULES = YES;
				CLANG_ENABLE_OBJC_ARC = YES;
				CLANG_ENABLE_OBJC_WEAK = YES;
				CLANG_WARN_BLOCK_CAPTURE_AUTORELEASING = YES;
				CLANG_WARN_BOOL_CONVERSION = YES;
				CLANG_WARN_COMMA = YES;
				CLANG_WARN_CONSTANT_CONVERSION = YES;
				CLANG_WARN_DEPRECATED_OBJC_IMPLEMENTATIONS = YES;
				CLANG_WARN_DIRECT_OBJC_ISA_USAGE = YES_ERROR;
				CLANG_WARN_DOCUMENTATION_COMMENTS = YES;
				CLANG_WARN_EMPTY_BODY = YES;
				CLANG_WARN_ENUM_CONVERSION = YES;
				CLANG_WARN_INFINITE_RECURSION = YES;
				CLANG_WARN_INT_CONVERSION = YES;
				CLANG_WARN_NON_LITERAL_NULL_CONVERSION = YES;
				CLANG_WARN_OBJC_IMPLICIT_RETAIN_SELF = YES;
				CLANG_WARN_OBJC_LITERAL_CONVERSION = YES;
				CLANG_WARN_OBJC_ROOT_CLASS = YES_ERROR;
				CLANG_WARN_RANGE_LOOP_ANALYSIS = YES;
				CLANG_WARN_STRICT_PROTOTYPES = YES;
				CLANG_WARN_SUSPICIOUS_MOVE = YES;
				CLANG_WARN_UNGUARDED_AVAILABILITY = YES_AGGRESSIVE;
				CLANG_WARN_UNREACHABLE_CODE = YES;
				CLANG_WARN__DUPLICATE_METHOD_MATCH = YES;
				COPY_PHASE_STRIP = NO;
				DEBUG_INFORMATION_FORMAT = "dwarf-with-dsym";
				ENABLE_NS_ASSERTIONS = NO;
				ENABLE_STRICT_OBJC_MSGSEND = YES;
				GCC_C_LANGUAGE_STANDARD = gnu11;
				GCC_NO_COMMON_BLOCKS = YES;
				GCC_WARN_64_TO_32_BIT_CONVERSION = YES;
				GCC_WARN_ABOUT_RETURN_TYPE = YES_ERROR;
				GCC_WARN_UNDECLARED_SELECTOR = YES;
				GCC_WARN_UNINITIALIZED_AUTOS = YES_AGGRESSIVE;
				GCC_WARN_UNUSED_FUNCTION = YES;
				GCC_WARN_UNUSED_VARIABLE = YES;
				IPHONEOS_DEPLOYMENT_TARGET = 13.6;
				MTL_ENABLE_DEBUG_INFO = NO;
				MTL_FAST_MATH = YES;
				SDKROOT = iphoneos;
				SWIFT_COMPILATION_MODE = wholemodule;
				SWIFT_OPTIMIZATION_LEVEL = "-O";
				VALIDATE_PRODUCT = YES;
			};
			name = Release;
		};
		0331FD1124C9DCEB0014A066 /* Debug */ = {
			isa = XCBuildConfiguration;
			buildSettings = {
				ASSETCATALOG_COMPILER_APPICON_NAME = AppIcon;
				CODE_SIGN_STYLE = Automatic;
				INFOPLIST_FILE = ChatchUPShinChan/Info.plist;
				LD_RUNPATH_SEARCH_PATHS = (
					"$(inherited)",
					"@executable_path/Frameworks",
				);
				PRODUCT_BUNDLE_IDENTIFIER = com.steveit.ChatchUPShinChan;
				PRODUCT_NAME = "$(TARGET_NAME)";
				SWIFT_VERSION = 5.0;
				TARGETED_DEVICE_FAMILY = "1,2";
			};
			name = Debug;
		};
		0331FD1224C9DCEB0014A066 /* Release */ = {
			isa = XCBuildConfiguration;
			buildSettings = {
				ASSETCATALOG_COMPILER_APPICON_NAME = AppIcon;
				CODE_SIGN_STYLE = Automatic;
				INFOPLIST_FILE = ChatchUPShinChan/Info.plist;
				LD_RUNPATH_SEARCH_PATHS = (
					"$(inherited)",
					"@executable_path/Frameworks",
				);
				PRODUCT_BUNDLE_IDENTIFIER = com.steveit.ChatchUPShinChan;
				PRODUCT_NAME = "$(TARGET_NAME)";
				SWIFT_VERSION = 5.0;
				TARGETED_DEVICE_FAMILY = "1,2";
			};
			name = Release;
		};
/* End XCBuildConfiguration section */

/* Begin XCConfigurationList section */
		0331FCF724C9DCE90014A066 /* Build configuration list for PBXProject "ChatchUPShinChan" */ = {
			isa = XCConfigurationList;
			buildConfigurations = (
				0331FD0E24C9DCEB0014A066 /* Debug */,
				0331FD0F24C9DCEB0014A066 /* Release */,
			);
			defaultConfigurationIsVisible = 0;
			defaultConfigurationName = Release;
		};
		0331FD1024C9DCEB0014A066 /* Build configuration list for PBXNativeTarget "ChatchUPShinChan" */ = {
			isa = XCConfigurationList;
			buildConfigurations = (
				0331FD1124C9DCEB0014A066 /* Debug */,
				0331FD1224C9DCEB0014A066 /* Release */,
			);
			defaultConfigurationIsVisible = 0;
			defaultConfigurationName = Release;
		};
/* End XCConfigurationList section */
	};
	rootObject = 0331FCF424C9DCE90014A066 /* Project object */;
}
